
Microsoft Visual Studio Solution File, Format Version 12.00
# Visual Studio 15
VisualStudioVersion = 15.0.26124.0
MinimumVisualStudioVersion = 15.0.26124.0
Project("{FAE04EC0-301F-11D3-BF4B-00C04F79EFBC}") = "ServiceGateway", "ServiceGateway\ServiceGateway.csproj", "{64151225-A09E-467A-81A4-DC0C8E84CD51}"
EndProject
Project("{FAE04EC0-301F-11D3-BF4B-00C04F79EFBC}") = "ServiceB", "ServiceB\ServiceB.csproj", "{FD416104-A7CF-423C-B236-D2F423058D8D}"
EndProject
Project("{FAE04EC0-301F-11D3-BF4B-00C04F79EFBC}") = "ServiceA", "ServiceA\ServiceA.csproj", "{9EDA124C-CECA-4909-82C7-360FDB2634DD}"
EndProject
Global
	GlobalSection(SolutionConfigurationPlatforms) = preSolution
		Debug|Any CPU = Debug|Any CPU
		Debug|x64 = Debug|x64
		Debug|x86 = Debug|x86
		Release|Any CPU = Release|Any CPU
		Release|x64 = Release|x64
		Release|x86 = Release|x86
	EndGlobalSection
	GlobalSection(SolutionProperties) = preSolution
		HideSolutionNode = FALSE
	EndGlobalSection
	GlobalSection(ProjectConfigurationPlatforms) = postSolution
		{64151225-A09E-467A-81A4-DC0C8E84CD51}.Debug|Any CPU.ActiveCfg = Debug|Any CPU
		{64151225-A09E-467A-81A4-DC0C8E84CD51}.Debug|Any CPU.Build.0 = Debug|Any CPU
		{64151225-A09E-467A-81A4-DC0C8E84CD51}.Debug|x64.ActiveCfg = Debug|Any CPU
		{64151225-A09E-467A-81A4-DC0C8E84CD51}.Debug|x64.Build.0 = Debug|Any CPU
		{64151225-A09E-467A-81A4-DC0C8E84CD51}.Debug|x86.ActiveCfg = Debug|Any CPU
		{64151225-A09E-467A-81A4-DC0C8E84CD51}.Debug|x86.Build.0 = Debug|Any CPU
		{64151225-A09E-467A-81A4-DC0C8E84CD51}.Release|Any CPU.ActiveCfg = Release|Any CPU
		{64151225-A09E-467A-81A4-DC0C8E84CD51}.Release|Any CPU.Build.0 = Release|Any CPU
		{64151225-A09E-467A-81A4-DC0C8E84CD51}.Release|x64.ActiveCfg = Release|Any CPU
		{64151225-A09E-467A-81A4-DC0C8E84CD51}.Release|x64.Build.0 = Release|Any CPU
		{64151225-A09E-467A-81A4-DC0C8E84CD51}.Release|x86.ActiveCfg = Release|Any CPU
		{64151225-A09E-467A-81A4-DC0C8E84CD51}.Release|x86.Build.0 = Release|Any CPU
		{FD416104-A7CF-423C-B236-D2F423058D8D}.Debug|Any CPU.ActiveCfg = Debug|Any CPU
		{FD416104-A7CF-423C-B236-D2F423058D8D}.Debug|Any CPU.Build.0 = Debug|Any CPU
		{FD416104-A7CF-423C-B236-D2F423058D8D}.Debug|x64.ActiveCfg = Debug|Any CPU
		{FD416104-A7CF-423C-B236-D2F423058D8D}.Debug|x64.Build.0 = Debug|Any CPU
		{FD416104-A7CF-423C-B236-D2F423058D8D}.Debug|x86.ActiveCfg = Debug|Any CPU
		{FD416104-A7CF-423C-B236-D2F423058D8D}.Debug|x86.Build.0 = Debug|Any CPU
		{FD416104-A7CF-423C-B236-D2F423058D8D}.Release|Any CPU.ActiveCfg = Release|Any CPU
		{FD416104-A7CF-423C-B236-D2F423058D8D}.Release|Any CPU.Build.0 = Release|Any CPU
		{FD416104-A7CF-423C-B236-D2F423058D8D}.Release|x64.ActiveCfg = Release|Any CPU
		{FD416104-A7CF-423C-B236-D2F423058D8D}.Release|x64.Build.0 = Release|Any CPU
		{FD416104-A7CF-423C-B236-D2F423058D8D}.Release|x86.ActiveCfg = Release|Any CPU
		{FD416104-A7CF-423C-B236-D2F423058D8D}.Release|x86.Build.0 = Release|Any CPU
		{9EDA124C-CECA-4909-82C7-360FDB2634DD}.Debug|Any CPU.ActiveCfg = Debug|Any CPU
		{9EDA124C-CECA-4909-82C7-360FDB2634DD}.Debug|Any CPU.Build.0 = Debug|Any CPU
		{9EDA124C-CECA-4909-82C7-360FDB2634DD}.Debug|x64.ActiveCfg = Debug|Any CPU
		{9EDA124C-CECA-4909-82C7-360FDB2634DD}.Debug|x64.Build.0 = Debug|Any CPU
		{9EDA124C-CECA-4909-82C7-360FDB2634DD}.Debug|x86.ActiveCfg = Debug|Any CPU
		{9EDA124C-CECA-4909-82C7-360FDB2634DD}.Debug|x86.Build.0 = Debug|Any CPU
		{9EDA124C-CECA-4909-82C7-360FDB2634DD}.Release|Any CPU.ActiveCfg = Release|Any CPU
		{9EDA124C-CECA-4909-82C7-360FDB2634DD}.Release|Any CPU.Build.0 = Release|Any CPU
		{9EDA124C-CECA-4909-82C7-360FDB2634DD}.Release|x64.ActiveCfg = Release|Any CPU
		{9EDA124C-CECA-4909-82C7-360FDB2634DD}.Release|x64.Build.0 = Release|Any CPU
		{9EDA124C-CECA-4909-82C7-360FDB2634DD}.Release|x86.ActiveCfg = Release|Any CPU
		{9EDA124C-CECA-4909-82C7-360FDB2634DD}.Release|x86.Build.0 = Release|Any CPU
	EndGlobalSection
EndGlobal
